
Microsoft Visual Studio Solution File, Format Version 12.00
# Visual Studio Version 16
VisualStudioVersion = 16.0.31402.337
MinimumVisualStudioVersion = 10.0.40219.1
Project("{FAE04EC0-301F-11D3-BF4B-00C04F79EFBC}") = "Be3_LGO.lib", "Be3_LGO\Be3_LGO.lib.csproj", "{2D217236-C85A-4A6A-9176-66C24F62FE0D}"
EndProject
Global
	GlobalSection(SolutionConfigurationPlatforms) = preSolution
		Debug|Any CPU = Debug|Any CPU
		Release|Any CPU = Release|Any CPU
	EndGlobalSection
	GlobalSection(ProjectConfigurationPlatforms) = postSolution
		{2D217236-C85A-4A6A-9176-66C24F62FE0D}.Debug|Any CPU.ActiveCfg = Debug|Any CPU
		{2D217236-C85A-4A6A-9176-66C24F62FE0D}.Debug|Any CPU.Build.0 = Debug|Any CPU
		{2D217236-C85A-4A6A-9176-66C24F62FE0D}.Release|Any CPU.ActiveCfg = Release|Any CPU
		{2D217236-C85A-4A6A-9176-66C24F62FE0D}.Release|Any CPU.Build.0 = Release|Any CPU
	EndGlobalSection
	GlobalSection(SolutionProperties) = preSolution
		HideSolutionNode = FALSE
	EndGlobalSection
	GlobalSection(ExtensibilityGlobals) = postSolution
		SolutionGuid = {8A778A65-2F85-4434-AB1D-66F2905436D6}
	EndGlobalSection
EndGlobal
